
Microsoft Visual Studio Solution File, Format Version 12.00
# Visual Studio Version 17
VisualStudioVersion = 17.14.37411.7 d17.14
MinimumVisualStudioVersion = 10.0.40219.1
Project("{FAE04EC0-301F-11D3-BF4B-00C04F79EFBC}") = "DbCmd", "DbCmd.csproj", "{FECF5A1F-49CB-4BB1-AE01-2C8489B224D2}"
EndProject
Project("{FAE04EC0-301F-11D3-BF4B-00C04F79EFBC}") = "Base", "..\Base\Base\Base.csproj", "{B40CD96A-05F8-BEE0-B545-C8F0BD288EE6}"
EndProject
Global
	GlobalSection(SolutionConfigurationPlatforms) = preSolution
		Debug|Any CPU = Debug|Any CPU
		Release|Any CPU = Release|Any CPU
	EndGlobalSection
	GlobalSection(ProjectConfigurationPlatforms) = postSolution
		{FECF5A1F-49CB-4BB1-AE01-2C8489B224D2}.Debug|Any CPU.ActiveCfg = Debug|Any CPU
		{FECF5A1F-49CB-4BB1-AE01-2C8489B224D2}.Debug|Any CPU.Build.0 = Debug|Any CPU
		{FECF5A1F-49CB-4BB1-AE01-2C8489B224D2}.Release|Any CPU.ActiveCfg = Release|Any CPU
		{FECF5A1F-49CB-4BB1-AE01-2C8489B224D2}.Release|Any CPU.Build.0 = Release|Any CPU
		{B40CD96A-05F8-BEE0-B545-C8F0BD288EE6}.Debug|Any CPU.ActiveCfg = Debug|Any CPU
		{B40CD96A-05F8-BEE0-B545-C8F0BD288EE6}.Debug|Any CPU.Build.0 = Debug|Any CPU
		{B40CD96A-05F8-BEE0-B545-C8F0BD288EE6}.Release|Any CPU.ActiveCfg = Release|Any CPU
		{B40CD96A-05F8-BEE0-B545-C8F0BD288EE6}.Release|Any CPU.Build.0 = Release|Any CPU
	EndGlobalSection
	GlobalSection(SolutionProperties) = preSolution
		HideSolutionNode = FALSE
	EndGlobalSection
	GlobalSection(ExtensibilityGlobals) = postSolution
		SolutionGuid = {D6C91882-2E83-4B3D-8C55-60612DE70F8B}
	EndGlobalSection
EndGlobal
